
Microsoft Visual Studio Solution File, Format Version 12.00
# Blend for Visual Studio Version 16
VisualStudioVersion = 16.0.31424.327
MinimumVisualStudioVersion = 10.0.40219.1
Project("{FAE04EC0-301F-11D3-BF4B-00C04F79EFBC}") = "SideMenu", "SideMenu.csproj", "{68CA9CA4-72BD-4939-9803-8A7B76CCBAD7}"
EndProject
Global
	GlobalSection(SolutionConfigurationPlatforms) = preSolution
		Debug|Any CPU = Debug|Any CPU
		Release|Any CPU = Release|Any CPU
	EndGlobalSection
	GlobalSection(ProjectConfigurationPlatforms) = postSolution
		{68CA9CA4-72BD-4939-9803-8A7B76CCBAD7}.Debug|Any CPU.ActiveCfg = Debug|Any CPU
		{68CA9CA4-72BD-4939-9803-8A7B76CCBAD7}.Debug|Any CPU.Build.0 = Debug|Any CPU
		{68CA9CA4-72BD-4939-9803-8A7B76CCBAD7}.Release|Any CPU.ActiveCfg = Release|Any CPU
		{68CA9CA4-72BD-4939-9803-8A7B76CCBAD7}.Release|Any CPU.Build.0 = Release|Any CPU
	EndGlobalSection
	GlobalSection(SolutionProperties) = preSolution
		HideSolutionNode = FALSE
	EndGlobalSection
	GlobalSection(ExtensibilityGlobals) = postSolution
		SolutionGuid = {C55D68DB-E6AB-47BA-8814-BEB37F3ECEDF}
	EndGlobalSection
EndGlobal
